PODS:
  - AFDateHelper (3.5.3)
  - Alamofire (4.2.0)
  - AuthenticationViewController (1.2.0)
  - BRYXBanner (0.7.1)
  - PromiseKit (4.1.3):
    - PromiseKit/Foundation (= 4.1.3)
    - PromiseKit/QuartzCore (= 4.1.3)
    - PromiseKit/UIKit (= 4.1.3)
  - PromiseKit/CorePromise (4.1.3)
  - PromiseKit/Foundation (4.1.3):
    - PromiseKit/CorePromise
  - PromiseKit/QuartzCore (4.1.3):
    - PromiseKit/CorePromise
  - PromiseKit/UIKit (4.1.3):
    - PromiseKit/CorePromise
  - SnapKit (3.1.2)
  - StateView (2.0):
    - SnapKit
  - SwiftyJSON (3.1.4)
  - SwiftyUserDefaults (3.0.0)

DEPENDENCIES:
  - AFDateHelper
  - Alamofire
  - AuthenticationViewController
  - BRYXBanner
  - PromiseKit
  - SnapKit
  - StateView
  - SwiftyJSON
  - SwiftyUserDefaults

SPEC CHECKSUMS:
  AFDateHelper: e64bcc4a88a07e1d3e62442741b2a164adc02d77
  Alamofire: aa2e09d871c9160ac53c90e83c68064a94e3dfbe
  AuthenticationViewController: 84b3be370df86945006e8b215bf988c726b4b4dc
  BRYXBanner: 34eabf9c6c009f187948ca78a4f3bba3767d0f04
  PromiseKit: 56baec63efa89210c023260879435a5a6b3bff00
  SnapKit: 12b24f569cb7c143acc9c22b9d91b23e7b1c84a2
  StateView: bbdc8fb47d0134c9e928d2341a75a0c286a14a59
  SwiftyJSON: c2842d878f95482ffceec5709abc3d05680c0220
  SwiftyUserDefaults: 0f1d45fc3aafb9064dac661e367f8f83fe21a4b4

PODFILE CHECKSUM: e695985d179a927fcc900f97e9cd69085cbf33e5

COCOAPODS: 1.2.0.beta.1
