// !$*UTF8*$!
{
	archiveVersion = 1;
	classes = {
	};
	objectVersion = 46;
	objects = {

/* Begin PBXBuildFile section */
		355EBC451CE948C300ACC91F /* ControlPanelStatusView.swift in Sources */ = {isa = PBXBuildFile; fileRef = 355EBC441CE948C300ACC91F /* ControlPanelStatusView.swift */; };
		35C898131CE936F900604CBF /* SHGitHubFilter.swift in Sources */ = {isa = PBXBuildFile; fileRef = 35C898121CE936F900604CBF /* SHGitHubFilter.swift */; };
		35C898161CE93B7100604CBF /* ControlPanelView.swift in Sources */ = {isa = PBXBuildFile; fileRef = 35C898151CE93B7100604CBF /* ControlPanelView.swift */; };
		8DE34B2EC0FB46CB4C900146 /* Pods_SwiftHubTests.framework in Frameworks */ = {isa = PBXBuildFile; fileRef = 0465B46789098FDF411EC70A /* Pods_SwiftHubTests.framework */; };
		D847D2C91B8125E9003CBECE /* AppDelegate.swift in Sources */ = {isa = PBXBuildFile; fileRef = D847D2C81B8125E9003CBECE /* AppDelegate.swift */; };
		D847D2D21B8125E9003CBECE /* Images.xcassets in Resources */ = {isa = PBXBuildFile; fileRef = D847D2D11B8125E9003CBECE /* Images.xcassets */; };
		D847D2D51B8125E9003CBECE /* LaunchScreen.xib in Resources */ = {isa = PBXBuildFile; fileRef = D847D2D31B8125E9003CBECE /* LaunchScreen.xib */; };
		D85AA6381BF2C1FE00F16A9C /* UINavigationController.swift in Sources */ = {isa = PBXBuildFile; fileRef = D85AA6371BF2C1FE00F16A9C /* UINavigationController.swift */; };
		D869FDED1B81A1F100C3D3AD /* threading.swift in Sources */ = {isa = PBXBuildFile; fileRef = D869FDEC1B81A1F100C3D3AD /* threading.swift */; };
		D8711B871C2A30AE004ECAF9 /* FloatingButton.swift in Sources */ = {isa = PBXBuildFile; fileRef = D8711B861C2A30AE004ECAF9 /* FloatingButton.swift */; };
		D8811F741C2907C7004A9301 /* Home Protocols.swift in Sources */ = {isa = PBXBuildFile; fileRef = D8811F731C2907C7004A9301 /* Home Protocols.swift */; };
		D8811F781C290857004A9301 /* HomeViewController.swift in Sources */ = {isa = PBXBuildFile; fileRef = D8811F771C290857004A9301 /* HomeViewController.swift */; };
		D8811F7A1C29089F004A9301 /* HomeTableViewDataSource.swift in Sources */ = {isa = PBXBuildFile; fileRef = D8811F791C29089F004A9301 /* HomeTableViewDataSource.swift */; };
		D8811F7D1C290B80004A9301 /* SHColors.swift in Sources */ = {isa = PBXBuildFile; fileRef = D8811F7C1C290B80004A9301 /* SHColors.swift */; };
		D8811F801C29E5C8004A9301 /* HomeTableViewCell.swift in Sources */ = {isa = PBXBuildFile; fileRef = D8811F7F1C29E5C8004A9301 /* HomeTableViewCell.swift */; };
		D8811F821C29EFDA004A9301 /* SHGitHub.swift in Sources */ = {isa = PBXBuildFile; fileRef = D8811F811C29EFDA004A9301 /* SHGitHub.swift */; };
		D8811F841C29F0E6004A9301 /* SHGithub Protocols.swift in Sources */ = {isa = PBXBuildFile; fileRef = D8811F831C29F0E6004A9301 /* SHGithub Protocols.swift */; };
		D89B5B431BF31E7F0080A100 /* BannerManager.swift in Sources */ = {isa = PBXBuildFile; fileRef = D89B5B421BF31E7F0080A100 /* BannerManager.swift */; };
		D8AA4EF41BF3999C00E03BFF /* RepositoryTests.swift in Sources */ = {isa = PBXBuildFile; fileRef = D8AA4EF31BF3999C00E03BFF /* RepositoryTests.swift */; };
		D8C1771A1C2AEB390022008A /* SHGithubCreatedFilter.swift in Sources */ = {isa = PBXBuildFile; fileRef = D8C177191C2AEB390022008A /* SHGithubCreatedFilter.swift */; };
		D8C1771D1C2AED9F0022008A /* FilterAlertViewController.swift in Sources */ = {isa = PBXBuildFile; fileRef = D8C1771C1C2AED9F0022008A /* FilterAlertViewController.swift */; };
		D8C1771F1C2B75250022008A /* SHGithubCacheProcessor.swift in Sources */ = {isa = PBXBuildFile; fileRef = D8C1771E1C2B75250022008A /* SHGithubCacheProcessor.swift */; };
		D8C177211C2B81640022008A /* SHGithub Errors.swift in Sources */ = {isa = PBXBuildFile; fileRef = D8C177201C2B81640022008A /* SHGithub Errors.swift */; };
		D8C177231C2B855C0022008A /* Repository.swift in Sources */ = {isa = PBXBuildFile; fileRef = D8C177221C2B855C0022008A /* Repository.swift */; };
		D8C177241C2B85700022008A /* Repository.swift in Sources */ = {isa = PBXBuildFile; fileRef = D8C177221C2B855C0022008A /* Repository.swift */; };
		D8C177251C2B85DF0022008A /* SHGithub Errors.swift in Sources */ = {isa = PBXBuildFile; fileRef = D8C177201C2B81640022008A /* SHGithub Errors.swift */; };
		DDFA0FBF192BEA0D851E61B1 /* Pods_SwiftHub.framework in Frameworks */ = {isa = PBXBuildFile; fileRef = 28D72B70AE353EC410EF2DA9 /* Pods_SwiftHub.framework */; };
/* End PBXBuildFile section */

/* Begin PBXContainerItemProxy section */
		D847D2DB1B8125E9003CBECE /* PBXContainerItemProxy */ = {
			isa = PBXContainerItemProxy;
			containerPortal = D847D2BB1B8125E9003CBECE /* Project object */;
			proxyType = 1;
			remoteGlobalIDString = D847D2C21B8125E9003CBECE;
			remoteInfo = SwiftHub;
		};
/* End PBXContainerItemProxy section */

/* Begin PBXFileReference section */
		0465B46789098FDF411EC70A /* Pods_SwiftHubTests.framework */ = {isa = PBXFileReference; explicitFileType = wrapper.framework; includeInIndex = 0; path = Pods_SwiftHubTests.framework; sourceTree = BUILT_PRODUCTS_DIR; };
		0DB05D383FAADD173C61DB5F /* Pods-SwiftHubTests.release.xcconfig */ = {isa = PBXFileReference; includeInIndex = 1; lastKnownFileType = text.xcconfig; name = "Pods-SwiftHubTests.release.xcconfig"; path = "Pods/Target Support Files/Pods-SwiftHubTests/Pods-SwiftHubTests.release.xcconfig"; sourceTree = "<group>"; };
		18623AC9D12263B7681F37ED /* Pods-SwiftHub.debug.xcconfig */ = {isa = PBXFileReference; includeInIndex = 1; lastKnownFileType = text.xcconfig; name = "Pods-SwiftHub.debug.xcconfig"; path = "Pods/Target Support Files/Pods-SwiftHub/Pods-SwiftHub.debug.xcconfig"; sourceTree = "<group>"; };
		28D72B70AE353EC410EF2DA9 /* Pods_SwiftHub.framework */ = {isa = PBXFileReference; explicitFileType = wrapper.framework; includeInIndex = 0; path = Pods_SwiftHub.framework; sourceTree = BUILT_PRODUCTS_DIR; };
		355EBC441CE948C300ACC91F /* ControlPanelStatusView.swift */ = {isa = PBXFileReference; fileEncoding = 4; lastKnownFileType = sourcecode.swift; path = ControlPanelStatusView.swift; sourceTree = "<group>"; };
		35C898121CE936F900604CBF /* SHGitHubFilter.swift */ = {isa = PBXFileReference; fileEncoding = 4; lastKnownFileType = sourcecode.swift; path = SHGitHubFilter.swift; sourceTree = "<group>"; };
		35C898151CE93B7100604CBF /* ControlPanelView.swift */ = {isa = PBXFileReference; fileEncoding = 4; lastKnownFileType = sourcecode.swift; path = ControlPanelView.swift; sourceTree = "<group>"; };
		5DE20D64DA83CF7BA3559BB5 /* Pods-SwiftHubTests.debug.xcconfig */ = {isa = PBXFileReference; includeInIndex = 1; lastKnownFileType = text.xcconfig; name = "Pods-SwiftHubTests.debug.xcconfig"; path = "Pods/Target Support Files/Pods-SwiftHubTests/Pods-SwiftHubTests.debug.xcconfig"; sourceTree = "<group>"; };
		D847D2C31B8125E9003CBECE /* SwiftHub.app */ = {isa = PBXFileReference; explicitFileType = wrapper.application; includeInIndex = 0; path = SwiftHub.app; sourceTree = BUILT_PRODUCTS_DIR; };
		D847D2C71B8125E9003CBECE /* Info.plist */ = {isa = PBXFileReference; lastKnownFileType = text.plist.xml; path = Info.plist; sourceTree = "<group>"; };
		D847D2C81B8125E9003CBECE /* AppDelegate.swift */ = {isa = PBXFileReference; lastKnownFileType = sourcecode.swift; path = AppDelegate.swift; sourceTree = "<group>"; };
		D847D2D11B8125E9003CBECE /* Images.xcassets */ = {isa = PBXFileReference; lastKnownFileType = folder.assetcatalog; path = Images.xcassets; sourceTree = "<group>"; };
		D847D2D41B8125E9003CBECE /* Base */ = {isa = PBXFileReference; lastKnownFileType = file.xib; name = Base; path = Base.lproj/LaunchScreen.xib; sourceTree = "<group>"; };
		D847D2DA1B8125E9003CBECE /* SwiftHubTests.xctest */ = {isa = PBXFileReference; explicitFileType = wrapper.cfbundle; includeInIndex = 0; path = SwiftHubTests.xctest; sourceTree = BUILT_PRODUCTS_DIR; };
		D847D2DF1B8125E9003CBECE /* Info.plist */ = {isa = PBXFileReference; lastKnownFileType = text.plist.xml; path = Info.plist; sourceTree = "<group>"; };
		D85AA6371BF2C1FE00F16A9C /* UINavigationController.swift */ = {isa = PBXFileReference; fileEncoding = 4; lastKnownFileType = sourcecode.swift; path = UINavigationController.swift; sourceTree = "<group>"; };
		D869FDEC1B81A1F100C3D3AD /* threading.swift */ = {isa = PBXFileReference; fileEncoding = 4; lastKnownFileType = sourcecode.swift; path = threading.swift; sourceTree = "<group>"; };
		D8711B861C2A30AE004ECAF9 /* FloatingButton.swift */ = {isa = PBXFileReference; fileEncoding = 4; lastKnownFileType = sourcecode.swift; path = FloatingButton.swift; sourceTree = "<group>"; };
		D8811F731C2907C7004A9301 /* Home Protocols.swift */ = {isa = PBXFileReference; fileEncoding = 4; lastKnownFileType = sourcecode.swift; path = "Home Protocols.swift"; sourceTree = "<group>"; };
		D8811F771C290857004A9301 /* HomeViewController.swift */ = {isa = PBXFileReference; fileEncoding = 4; lastKnownFileType = sourcecode.swift; path = HomeViewController.swift; sourceTree = "<group>"; };
		D8811F791C29089F004A9301 /* HomeTableViewDataSource.swift */ = {isa = PBXFileReference; fileEncoding = 4; lastKnownFileType = sourcecode.swift; path = HomeTableViewDataSource.swift; sourceTree = "<group>"; };
		D8811F7C1C290B80004A9301 /* SHColors.swift */ = {isa = PBXFileReference; fileEncoding = 4; lastKnownFileType = sourcecode.swift; path = SHColors.swift; sourceTree = "<group>"; };
		D8811F7F1C29E5C8004A9301 /* HomeTableViewCell.swift */ = {isa = PBXFileReference; fileEncoding = 4; lastKnownFileType = sourcecode.swift; path = HomeTableViewCell.swift; sourceTree = "<group>"; };
		D8811F811C29EFDA004A9301 /* SHGitHub.swift */ = {isa = PBXFileReference; fileEncoding = 4; lastKnownFileType = sourcecode.swift; path = SHGitHub.swift; sourceTree = "<group>"; };
		D8811F831C29F0E6004A9301 /* SHGithub Protocols.swift */ = {isa = PBXFileReference; fileEncoding = 4; lastKnownFileType = sourcecode.swift; path = "SHGithub Protocols.swift"; sourceTree = "<group>"; };
		D89B5B421BF31E7F0080A100 /* BannerManager.swift */ = {isa = PBXFileReference; fileEncoding = 4; lastKnownFileType = sourcecode.swift; path = BannerManager.swift; sourceTree = "<group>"; };
		D8AA4EF31BF3999C00E03BFF /* RepositoryTests.swift */ = {isa = PBXFileReference; fileEncoding = 4; lastKnownFileType = sourcecode.swift; path = RepositoryTests.swift; sourceTree = "<group>"; };
		D8C177191C2AEB390022008A /* SHGithubCreatedFilter.swift */ = {isa = PBXFileReference; fileEncoding = 4; lastKnownFileType = sourcecode.swift; path = SHGithubCreatedFilter.swift; sourceTree = "<group>"; };
		D8C1771C1C2AED9F0022008A /* FilterAlertViewController.swift */ = {isa = PBXFileReference; fileEncoding = 4; lastKnownFileType = sourcecode.swift; path = FilterAlertViewController.swift; sourceTree = "<group>"; };
		D8C1771E1C2B75250022008A /* SHGithubCacheProcessor.swift */ = {isa = PBXFileReference; fileEncoding = 4; lastKnownFileType = sourcecode.swift; path = SHGithubCacheProcessor.swift; sourceTree = "<group>"; };
		D8C177201C2B81640022008A /* SHGithub Errors.swift */ = {isa = PBXFileReference; fileEncoding = 4; lastKnownFileType = sourcecode.swift; path = "SHGithub Errors.swift"; sourceTree = "<group>"; };
		D8C177221C2B855C0022008A /* Repository.swift */ = {isa = PBXFileReference; fileEncoding = 4; lastKnownFileType = sourcecode.swift; path = Repository.swift; sourceTree = "<group>"; };
		F3CEE6CE6205AB9C7E2C85FD /* Pods-SwiftHub.release.xcconfig */ = {isa = PBXFileReference; includeInIndex = 1; lastKnownFileType = text.xcconfig; name = "Pods-SwiftHub.release.xcconfig"; path = "Pods/Target Support Files/Pods-SwiftHub/Pods-SwiftHub.release.xcconfig"; sourceTree = "<group>"; };
/* End PBXFileReference section */

/* Begin PBXFrameworksBuildPhase section */
		D847D2C01B8125E9003CBECE /* Frameworks */ = {
			isa = PBXFrameworksBuildPhase;
			buildActionMask = 2147483647;
			files = (
				DDFA0FBF192BEA0D851E61B1 /* Pods_SwiftHub.framework in Frameworks */,
			);
			runOnlyForDeploymentPostprocessing = 0;
		};
		D847D2D71B8125E9003CBECE /* Frameworks */ = {
			isa = PBXFrameworksBuildPhase;
			buildActionMask = 2147483647;
			files = (
				8DE34B2EC0FB46CB4C900146 /* Pods_SwiftHubTests.framework in Frameworks */,
			);
			runOnlyForDeploymentPostprocessing = 0;
		};
/* End PBXFrameworksBuildPhase section */

/* Begin PBXGroup section */
		0630CCA6D1F450ABD3D7DDDC /* Frameworks */ = {
			isa = PBXGroup;
			children = (
				28D72B70AE353EC410EF2DA9 /* Pods_SwiftHub.framework */,
				0465B46789098FDF411EC70A /* Pods_SwiftHubTests.framework */,
			);
			name = Frameworks;
			sourceTree = "<group>";
		};
		35C898101CE933E000604CBF /* Repositories */ = {
			isa = PBXGroup;
			children = (
				D8C177221C2B855C0022008A /* Repository.swift */,
			);
			name = Repositories;
			sourceTree = "<group>";
		};
		35C898111CE9366100604CBF /* Filters */ = {
			isa = PBXGroup;
			children = (
				35C898121CE936F900604CBF /* SHGitHubFilter.swift */,
				D8C177191C2AEB390022008A /* SHGithubCreatedFilter.swift */,
			);
			name = Filters;
			sourceTree = "<group>";
		};
		35C898141CE93B5A00604CBF /* Control Panel */ = {
			isa = PBXGroup;
			children = (
				35C898151CE93B7100604CBF /* ControlPanelView.swift */,
				355EBC441CE948C300ACC91F /* ControlPanelStatusView.swift */,
			);
			name = "Control Panel";
			sourceTree = "<group>";
		};
		6F0011746504AA70B4F3BA88 /* Pods */ = {
			isa = PBXGroup;
			children = (
				18623AC9D12263B7681F37ED /* Pods-SwiftHub.debug.xcconfig */,
				F3CEE6CE6205AB9C7E2C85FD /* Pods-SwiftHub.release.xcconfig */,
				5DE20D64DA83CF7BA3559BB5 /* Pods-SwiftHubTests.debug.xcconfig */,
				0DB05D383FAADD173C61DB5F /* Pods-SwiftHubTests.release.xcconfig */,
			);
			name = Pods;
			sourceTree = "<group>";
		};
		D847D2BA1B8125E9003CBECE = {
			isa = PBXGroup;
			children = (
				D847D2C51B8125E9003CBECE /* SwiftHub */,
				D847D2DD1B8125E9003CBECE /* SwiftHubTests */,
				D847D2C41B8125E9003CBECE /* Products */,
				6F0011746504AA70B4F3BA88 /* Pods */,
				0630CCA6D1F450ABD3D7DDDC /* Frameworks */,
			);
			sourceTree = "<group>";
		};
		D847D2C41B8125E9003CBECE /* Products */ = {
			isa = PBXGroup;
			children = (
				D847D2C31B8125E9003CBECE /* SwiftHub.app */,
				D847D2DA1B8125E9003CBECE /* SwiftHubTests.xctest */,
			);
			name = Products;
			sourceTree = "<group>";
		};
		D847D2C51B8125E9003CBECE /* SwiftHub */ = {
			isa = PBXGroup;
			children = (
				D869FDF71B81A88500C3D3AD /* Configuration Families */,
				D869FDF81B81A88D00C3D3AD /* View Families */,
				D847D2C61B8125E9003CBECE /* Supporting Files */,
				D869FDFB1B81A8A900C3D3AD /* Libraries */,
				D85AA6391BF2C20200F16A9C /* Extensions */,
			);
			path = SwiftHub;
			sourceTree = "<group>";
		};
		D847D2C61B8125E9003CBECE /* Supporting Files */ = {
			isa = PBXGroup;
			children = (
				D847D2D31B8125E9003CBECE /* LaunchScreen.xib */,
				D847D2D11B8125E9003CBECE /* Images.xcassets */,
				D847D2C71B8125E9003CBECE /* Info.plist */,
			);
			name = "Supporting Files";
			sourceTree = "<group>";
		};
		D847D2DD1B8125E9003CBECE /* SwiftHubTests */ = {
			isa = PBXGroup;
			children = (
				D847D2DE1B8125E9003CBECE /* Supporting Files */,
				D8AA4EF31BF3999C00E03BFF /* RepositoryTests.swift */,
			);
			path = SwiftHubTests;
			sourceTree = "<group>";
		};
		D847D2DE1B8125E9003CBECE /* Supporting Files */ = {
			isa = PBXGroup;
			children = (
				D847D2DF1B8125E9003CBECE /* Info.plist */,
			);
			name = "Supporting Files";
			sourceTree = "<group>";
		};
		D85AA6391BF2C20200F16A9C /* Extensions */ = {
			isa = PBXGroup;
			children = (
				D85AA6371BF2C1FE00F16A9C /* UINavigationController.swift */,
			);
			name = Extensions;
			sourceTree = "<group>";
		};
		D869FDF71B81A88500C3D3AD /* Configuration Families */ = {
			isa = PBXGroup;
			children = (
				D847D2C81B8125E9003CBECE /* AppDelegate.swift */,
				D89B5B421BF31E7F0080A100 /* BannerManager.swift */,
				D8811F7C1C290B80004A9301 /* SHColors.swift */,
				D8811F861C29F0EE004A9301 /* GitHub */,
			);
			name = "Configuration Families";
			sourceTree = "<group>";
		};
		D869FDF81B81A88D00C3D3AD /* View Families */ = {
			isa = PBXGroup;
			children = (
				D8811F721C290751004A9301 /* Home */,
				35C898141CE93B5A00604CBF /* Control Panel */,
			);
			name = "View Families";
			sourceTree = "<group>";
		};
		D869FDFB1B81A8A900C3D3AD /* Libraries */ = {
			isa = PBXGroup;
			children = (
				D869FDEC1B81A1F100C3D3AD /* threading.swift */,
			);
			name = Libraries;
			sourceTree = "<group>";
		};
		D8711B851C2A3089004ECAF9 /* Buttons */ = {
			isa = PBXGroup;
			children = (
				D8711B861C2A30AE004ECAF9 /* FloatingButton.swift */,
			);
			name = Buttons;
			sourceTree = "<group>";
		};
		D8811F721C290751004A9301 /* Home */ = {
			isa = PBXGroup;
			children = (
				D8811F731C2907C7004A9301 /* Home Protocols.swift */,
				D8811F771C290857004A9301 /* HomeViewController.swift */,
				D8811F7E1C29E5AD004A9301 /* Table View */,
				D8C1771B1C2AED680022008A /* Filters */,
				D8711B851C2A3089004ECAF9 /* Buttons */,
			);
			name = Home;
			sourceTree = "<group>";
		};
		D8811F7E1C29E5AD004A9301 /* Table View */ = {
			isa = PBXGroup;
			children = (
				D8811F791C29089F004A9301 /* HomeTableViewDataSource.swift */,
				D8811F7F1C29E5C8004A9301 /* HomeTableViewCell.swift */,
			);
			name = "Table View";
			sourceTree = "<group>";
		};
		D8811F861C29F0EE004A9301 /* GitHub */ = {
			isa = PBXGroup;
			children = (
				35C898101CE933E000604CBF /* Repositories */,
				35C898111CE9366100604CBF /* Filters */,
				D8811F811C29EFDA004A9301 /* SHGitHub.swift */,
				D8C1771E1C2B75250022008A /* SHGithubCacheProcessor.swift */,
				D8C177201C2B81640022008A /* SHGithub Errors.swift */,
				D8811F831C29F0E6004A9301 /* SHGithub Protocols.swift */,
			);
			name = GitHub;
			sourceTree = "<group>";
		};
		D8C1771B1C2AED680022008A /* Filters */ = {
			isa = PBXGroup;
			children = (
				D8C1771C1C2AED9F0022008A /* FilterAlertViewController.swift */,
			);
			name = Filters;
			sourceTree = "<group>";
		};
/* End PBXGroup section */

/* Begin PBXNativeTarget section */
		D847D2C21B8125E9003CBECE /* SwiftHub */ = {
			isa = PBXNativeTarget;
			buildConfigurationList = D847D2E41B8125E9003CBECE /* Build configuration list for PBXNativeTarget "SwiftHub" */;
			buildPhases = (
				BF7B06C3B250F8B81D982CB9 /* 📦 Check Pods Manifest.lock */,
				D847D2BF1B8125E9003CBECE /* Sources */,
				D847D2C01B8125E9003CBECE /* Frameworks */,
				D847D2C11B8125E9003CBECE /* Resources */,
				17E42C34DED6A873B75CA975 /* 📦 Embed Pods Frameworks */,
				70D0CE9EB58F87FB78D7D3CD /* 📦 Copy Pods Resources */,
			);
			buildRules = (
			);
			dependencies = (
			);
			name = SwiftHub;
			productName = SwiftHub;
			productReference = D847D2C31B8125E9003CBECE /* SwiftHub.app */;
			productType = "com.apple.product-type.application";
		};
		D847D2D91B8125E9003CBECE /* SwiftHubTests */ = {
			isa = PBXNativeTarget;
			buildConfigurationList = D847D2E71B8125E9003CBECE /* Build configuration list for PBXNativeTarget "SwiftHubTests" */;
			buildPhases = (
				3C221FF78198EE1D10AAE296 /* 📦 Check Pods Manifest.lock */,
				D847D2D61B8125E9003CBECE /* Sources */,
				D847D2D71B8125E9003CBECE /* Frameworks */,
				D847D2D81B8125E9003CBECE /* Resources */,
				83A33CB55242B62EB4D90BAD /* 📦 Embed Pods Frameworks */,
				9F78F86A77A84F8A7E57BB93 /* 📦 Copy Pods Resources */,
			);
			buildRules = (
			);
			dependencies = (
				D847D2DC1B8125E9003CBECE /* PBXTargetDependency */,
			);
			name = SwiftHubTests;
			productName = SwiftHubTests;
			productReference = D847D2DA1B8125E9003CBECE /* SwiftHubTests.xctest */;
			productType = "com.apple.product-type.bundle.unit-test";
		};
/* End PBXNativeTarget section */

/* Begin PBXProject section */
		D847D2BB1B8125E9003CBECE /* Project object */ = {
			isa = PBXProject;
			attributes = {
				LastSwiftMigration = 0700;
				LastSwiftUpdateCheck = 0700;
				LastUpgradeCheck = 0700;
				ORGANIZATIONNAME = "Sahand Nayebaziz";
				TargetAttributes = {
					D847D2C21B8125E9003CBECE = {
						CreatedOnToolsVersion = 6.4;
					};
					D847D2D91B8125E9003CBECE = {
						CreatedOnToolsVersion = 6.4;
						TestTargetID = D847D2C21B8125E9003CBECE;
					};
				};
			};
			buildConfigurationList = D847D2BE1B8125E9003CBECE /* Build configuration list for PBXProject "SwiftHub" */;
			compatibilityVersion = "Xcode 3.2";
			developmentRegion = English;
			hasScannedForEncodings = 0;
			knownRegions = (
				en,
				Base,
			);
			mainGroup = D847D2BA1B8125E9003CBECE;
			productRefGroup = D847D2C41B8125E9003CBECE /* Products */;
			projectDirPath = "";
			projectRoot = "";
			targets = (
				D847D2C21B8125E9003CBECE /* SwiftHub */,
				D847D2D91B8125E9003CBECE /* SwiftHubTests */,
			);
		};
/* End PBXProject section */

/* Begin PBXResourcesBuildPhase section */
		D847D2C11B8125E9003CBECE /* Resources */ = {
			isa = PBXResourcesBuildPhase;
			buildActionMask = 2147483647;
			files = (
				D847D2D51B8125E9003CBECE /* LaunchScreen.xib in Resources */,
				D847D2D21B8125E9003CBECE /* Images.xcassets in Resources */,
			);
			runOnlyForDeploymentPostprocessing = 0;
		};
		D847D2D81B8125E9003CBECE /* Resources */ = {
			isa = PBXResourcesBuildPhase;
			buildActionMask = 2147483647;
			files = (
			);
			runOnlyForDeploymentPostprocessing = 0;
		};
/* End PBXResourcesBuildPhase section */

/* Begin PBXShellScriptBuildPhase section */
		17E42C34DED6A873B75CA975 /* 📦 Embed Pods Frameworks */ = {
			isa = PBXShellScriptBuildPhase;
			buildActionMask = 2147483647;
			files = (
			);
			inputPaths = (
			);
			name = "📦 Embed Pods Frameworks";
			outputPaths = (
			);
			runOnlyForDeploymentPostprocessing = 0;
			shellPath = /bin/sh;
			shellScript = "\"${SRCROOT}/Pods/Target Support Files/Pods-SwiftHub/Pods-SwiftHub-frameworks.sh\"\n";
			showEnvVarsInLog = 0;
		};
		3C221FF78198EE1D10AAE296 /* 📦 Check Pods Manifest.lock */ = {
			isa = PBXShellScriptBuildPhase;
			buildActionMask = 2147483647;
			files = (
			);
			inputPaths = (
			);
			name = "📦 Check Pods Manifest.lock";
			outputPaths = (
			);
			runOnlyForDeploymentPostprocessing = 0;
			shellPath = /bin/sh;
			shellScript = "diff \"${PODS_ROOT}/../Podfile.lock\" \"${PODS_ROOT}/Manifest.lock\" > /dev/null\nif [[ $? != 0 ]] ; then\n    cat << EOM\nerror: The sandbox is not in sync with the Podfile.lock. Run 'pod install' or update your CocoaPods installation.\nEOM\n    exit 1\nfi\n";
			showEnvVarsInLog = 0;
		};
		70D0CE9EB58F87FB78D7D3CD /* 📦 Copy Pods Resources */ = {
			isa = PBXShellScriptBuildPhase;
			buildActionMask = 2147483647;
			files = (
			);
			inputPaths = (
			);
			name = "📦 Copy Pods Resources";
			outputPaths = (
			);
			runOnlyForDeploymentPostprocessing = 0;
			shellPath = /bin/sh;
			shellScript = "\"${SRCROOT}/Pods/Target Support Files/Pods-SwiftHub/Pods-SwiftHub-resources.sh\"\n";
			showEnvVarsInLog = 0;
		};
		83A33CB55242B62EB4D90BAD /* 📦 Embed Pods Frameworks */ = {
			isa = PBXShellScriptBuildPhase;
			buildActionMask = 2147483647;
			files = (
			);
			inputPaths = (
			);
			name = "📦 Embed Pods Frameworks";
			outputPaths = (
			);
			runOnlyForDeploymentPostprocessing = 0;
			shellPath = /bin/sh;
			shellScript = "\"${SRCROOT}/Pods/Target Support Files/Pods-SwiftHubTests/Pods-SwiftHubTests-frameworks.sh\"\n";
			showEnvVarsInLog = 0;
		};
		9F78F86A77A84F8A7E57BB93 /* 📦 Copy Pods Resources */ = {
			isa = PBXShellScriptBuildPhase;
			buildActionMask = 2147483647;
			files = (
			);
			inputPaths = (
			);
			name = "📦 Copy Pods Resources";
			outputPaths = (
			);
			runOnlyForDeploymentPostprocessing = 0;
			shellPath = /bin/sh;
			shellScript = "\"${SRCROOT}/Pods/Target Support Files/Pods-SwiftHubTests/Pods-SwiftHubTests-resources.sh\"\n";
			showEnvVarsInLog = 0;
		};
		BF7B06C3B250F8B81D982CB9 /* 📦 Check Pods Manifest.lock */ = {
			isa = PBXShellScriptBuildPhase;
			buildActionMask = 2147483647;
			files = (
			);
			inputPaths = (
			);
			name = "📦 Check Pods Manifest.lock";
			outputPaths = (
			);
			runOnlyForDeploymentPostprocessing = 0;
			shellPath = /bin/sh;
			shellScript = "diff \"${PODS_ROOT}/../Podfile.lock\" \"${PODS_ROOT}/Manifest.lock\" > /dev/null\nif [[ $? != 0 ]] ; then\n    cat << EOM\nerror: The sandbox is not in sync with the Podfile.lock. Run 'pod install' or update your CocoaPods installation.\nEOM\n    exit 1\nfi\n";
			showEnvVarsInLog = 0;
		};
/* End PBXShellScriptBuildPhase section */

/* Begin PBXSourcesBuildPhase section */
		D847D2BF1B8125E9003CBECE /* Sources */ = {
			isa = PBXSourcesBuildPhase;
			buildActionMask = 2147483647;
			files = (
				35C898131CE936F900604CBF /* SHGitHubFilter.swift in Sources */,
				D869FDED1B81A1F100C3D3AD /* threading.swift in Sources */,
				D85AA6381BF2C1FE00F16A9C /* UINavigationController.swift in Sources */,
				D8811F841C29F0E6004A9301 /* SHGithub Protocols.swift in Sources */,
				D8811F741C2907C7004A9301 /* Home Protocols.swift in Sources */,
				D8811F781C290857004A9301 /* HomeViewController.swift in Sources */,
				D8811F821C29EFDA004A9301 /* SHGitHub.swift in Sources */,
				D8811F801C29E5C8004A9301 /* HomeTableViewCell.swift in Sources */,
				D8811F7D1C290B80004A9301 /* SHColors.swift in Sources */,
				D8C1771F1C2B75250022008A /* SHGithubCacheProcessor.swift in Sources */,
				D8C177231C2B855C0022008A /* Repository.swift in Sources */,
				D8C177211C2B81640022008A /* SHGithub Errors.swift in Sources */,
				D8811F7A1C29089F004A9301 /* HomeTableViewDataSource.swift in Sources */,
				D89B5B431BF31E7F0080A100 /* BannerManager.swift in Sources */,
				D847D2C91B8125E9003CBECE /* AppDelegate.swift in Sources */,
				D8C1771D1C2AED9F0022008A /* FilterAlertViewController.swift in Sources */,
				D8C1771A1C2AEB390022008A /* SHGithubCreatedFilter.swift in Sources */,
				D8711B871C2A30AE004ECAF9 /* FloatingButton.swift in Sources */,
				35C898161CE93B7100604CBF /* ControlPanelView.swift in Sources */,
				355EBC451CE948C300ACC91F /* ControlPanelStatusView.swift in Sources */,
			);
			runOnlyForDeploymentPostprocessing = 0;
		};
		D847D2D61B8125E9003CBECE /* Sources */ = {
			isa = PBXSourcesBuildPhase;
			buildActionMask = 2147483647;
			files = (
				D8C177251C2B85DF0022008A /* SHGithub Errors.swift in Sources */,
				D8AA4EF41BF3999C00E03BFF /* RepositoryTests.swift in Sources */,
				D8C177241C2B85700022008A /* Repository.swift in Sources */,
			);
			runOnlyForDeploymentPostprocessing = 0;
		};
/* End PBXSourcesBuildPhase section */

/* Begin PBXTargetDependency section */
		D847D2DC1B8125E9003CBECE /* PBXTargetDependency */ = {
			isa = PBXTargetDependency;
			target = D847D2C21B8125E9003CBECE /* SwiftHub */;
			targetProxy = D847D2DB1B8125E9003CBECE /* PBXContainerItemProxy */;
		};
/* End PBXTargetDependency section */

/* Begin PBXVariantGroup section */
		D847D2D31B8125E9003CBECE /* LaunchScreen.xib */ = {
			isa = PBXVariantGroup;
			children = (
				D847D2D41B8125E9003CBECE /* Base */,
			);
			name = LaunchScreen.xib;
			sourceTree = "<group>";
		};
/* End PBXVariantGroup section */

/* Begin XCBuildConfiguration section */
		D847D2E21B8125E9003CBECE /* Debug */ = {
			isa = XCBuildConfiguration;
			buildSettings = {
				ALWAYS_SEARCH_USER_PATHS = NO;
				CLANG_CXX_LANGUAGE_STANDARD = "gnu++0x";
				CLANG_CXX_LIBRARY = "libc++";
				CLANG_ENABLE_MODULES = YES;
				CLANG_ENABLE_OBJC_ARC = YES;
				CLANG_WARN_BOOL_CONVERSION = YES;
				CLANG_WARN_CONSTANT_CONVERSION = YES;
				CLANG_WARN_DIRECT_OBJC_ISA_USAGE = YES_ERROR;
				CLANG_WARN_EMPTY_BODY = YES;
				CLANG_WARN_ENUM_CONVERSION = YES;
				CLANG_WARN_INT_CONVERSION = YES;
				CLANG_WARN_OBJC_ROOT_CLASS = YES_ERROR;
				CLANG_WARN_UNREACHABLE_CODE = YES;
				CLANG_WARN__DUPLICATE_METHOD_MATCH = YES;
				"CODE_SIGN_IDENTITY[sdk=iphoneos*]" = "iPhone Developer";
				COPY_PHASE_STRIP = NO;
				DEBUG_INFORMATION_FORMAT = "dwarf-with-dsym";
				ENABLE_STRICT_OBJC_MSGSEND = YES;
				ENABLE_TESTABILITY = YES;
				GCC_C_LANGUAGE_STANDARD = gnu99;
				GCC_DYNAMIC_NO_PIC = NO;
				GCC_NO_COMMON_BLOCKS = YES;
				GCC_OPTIMIZATION_LEVEL = 0;
				GCC_PREPROCESSOR_DEFINITIONS = (
					"DEBUG=1",
					"$(inherited)",
				);
				GCC_SYMBOLS_PRIVATE_EXTERN = NO;
				GCC_WARN_64_TO_32_BIT_CONVERSION = YES;
				GCC_WARN_ABOUT_RETURN_TYPE = YES_ERROR;
				GCC_WARN_UNDECLARED_SELECTOR = YES;
				GCC_WARN_UNINITIALIZED_AUTOS = YES_AGGRESSIVE;
				GCC_WARN_UNUSED_FUNCTION = YES;
				GCC_WARN_UNUSED_VARIABLE = YES;
				IPHONEOS_DEPLOYMENT_TARGET = 8.4;
				MTL_ENABLE_DEBUG_INFO = YES;
				ONLY_ACTIVE_ARCH = YES;
				SDKROOT = iphoneos;
				SWIFT_OPTIMIZATION_LEVEL = "-Onone";
				TARGETED_DEVICE_FAMILY = "1,2";
			};
			name = Debug;
		};
		D847D2E31B8125E9003CBECE /* Release */ = {
			isa = XCBuildConfiguration;
			buildSettings = {
				ALWAYS_SEARCH_USER_PATHS = NO;
				CLANG_CXX_LANGUAGE_STANDARD = "gnu++0x";
				CLANG_CXX_LIBRARY = "libc++";
				CLANG_ENABLE_MODULES = YES;
				CLANG_ENABLE_OBJC_ARC = YES;
				CLANG_WARN_BOOL_CONVERSION = YES;
				CLANG_WARN_CONSTANT_CONVERSION = YES;
				CLANG_WARN_DIRECT_OBJC_ISA_USAGE = YES_ERROR;
				CLANG_WARN_EMPTY_BODY = YES;
				CLANG_WARN_ENUM_CONVERSION = YES;
				CLANG_WARN_INT_CONVERSION = YES;
				CLANG_WARN_OBJC_ROOT_CLASS = YES_ERROR;
				CLANG_WARN_UNREACHABLE_CODE = YES;
				CLANG_WARN__DUPLICATE_METHOD_MATCH = YES;
				"CODE_SIGN_IDENTITY[sdk=iphoneos*]" = "iPhone Developer";
				COPY_PHASE_STRIP = NO;
				DEBUG_INFORMATION_FORMAT = "dwarf-with-dsym";
				ENABLE_NS_ASSERTIONS = NO;
				ENABLE_STRICT_OBJC_MSGSEND = YES;
				GCC_C_LANGUAGE_STANDARD = gnu99;
				GCC_NO_COMMON_BLOCKS = YES;
				GCC_WARN_64_TO_32_BIT_CONVERSION = YES;
				GCC_WARN_ABOUT_RETURN_TYPE = YES_ERROR;
				GCC_WARN_UNDECLARED_SELECTOR = YES;
				GCC_WARN_UNINITIALIZED_AUTOS = YES_AGGRESSIVE;
				GCC_WARN_UNUSED_FUNCTION = YES;
				GCC_WARN_UNUSED_VARIABLE = YES;
				IPHONEOS_DEPLOYMENT_TARGET = 8.4;
				MTL_ENABLE_DEBUG_INFO = NO;
				SDKROOT = iphoneos;
				TARGETED_DEVICE_FAMILY = "1,2";
				VALIDATE_PRODUCT = YES;
			};
			name = Release;
		};
		D847D2E51B8125E9003CBECE /* Debug */ = {
			isa = XCBuildConfiguration;
			baseConfigurationReference = 18623AC9D12263B7681F37ED /* Pods-SwiftHub.debug.xcconfig */;
			buildSettings = {
				ASSETCATALOG_COMPILER_APPICON_NAME = AppIcon;
				INFOPLIST_FILE = SwiftHub/Info.plist;
				IPHONEOS_DEPLOYMENT_TARGET = 9.0;
				LD_RUNPATH_SEARCH_PATHS = "$(inherited) @executable_path/Frameworks";
				PRODUCT_BUNDLE_IDENTIFIER = "me.sahand.$(PRODUCT_NAME:rfc1034identifier)";
				PRODUCT_NAME = "$(TARGET_NAME)";
				TARGETED_DEVICE_FAMILY = "1,2";
			};
			name = Debug;
		};
		D847D2E61B8125E9003CBECE /* Release */ = {
			isa = XCBuildConfiguration;
			baseConfigurationReference = F3CEE6CE6205AB9C7E2C85FD /* Pods-SwiftHub.release.xcconfig */;
			buildSettings = {
				ASSETCATALOG_COMPILER_APPICON_NAME = AppIcon;
				INFOPLIST_FILE = SwiftHub/Info.plist;
				IPHONEOS_DEPLOYMENT_TARGET = 9.0;
				LD_RUNPATH_SEARCH_PATHS = "$(inherited) @executable_path/Frameworks";
				PRODUCT_BUNDLE_IDENTIFIER = "me.sahand.$(PRODUCT_NAME:rfc1034identifier)";
				PRODUCT_NAME = "$(TARGET_NAME)";
				TARGETED_DEVICE_FAMILY = "1,2";
			};
			name = Release;
		};
		D847D2E81B8125E9003CBECE /* Debug */ = {
			isa = XCBuildConfiguration;
			baseConfigurationReference = 5DE20D64DA83CF7BA3559BB5 /* Pods-SwiftHubTests.debug.xcconfig */;
			buildSettings = {
				BUNDLE_LOADER = "$(TEST_HOST)";
				FRAMEWORK_SEARCH_PATHS = (
					"$(SDKROOT)/Developer/Library/Frameworks",
					"$(inherited)",
				);
				GCC_PREPROCESSOR_DEFINITIONS = (
					"DEBUG=1",
					"$(inherited)",
				);
				INFOPLIST_FILE = SwiftHubTests/Info.plist;
				LD_RUNPATH_SEARCH_PATHS = "$(inherited) @executable_path/Frameworks @loader_path/Frameworks";
				PRODUCT_BUNDLE_IDENTIFIER = "me.sahand.$(PRODUCT_NAME:rfc1034identifier)";
				PRODUCT_NAME = "$(TARGET_NAME)";
				TEST_HOST = "$(BUILT_PRODUCTS_DIR)/SwiftHub.app/SwiftHub";
			};
			name = Debug;
		};
		D847D2E91B8125E9003CBECE /* Release */ = {
			isa = XCBuildConfiguration;
			baseConfigurationReference = 0DB05D383FAADD173C61DB5F /* Pods-SwiftHubTests.release.xcconfig */;
			buildSettings = {
				BUNDLE_LOADER = "$(TEST_HOST)";
				FRAMEWORK_SEARCH_PATHS = (
					"$(SDKROOT)/Developer/Library/Frameworks",
					"$(inherited)",
				);
				INFOPLIST_FILE = SwiftHubTests/Info.plist;
				LD_RUNPATH_SEARCH_PATHS = "$(inherited) @executable_path/Frameworks @loader_path/Frameworks";
				PRODUCT_BUNDLE_IDENTIFIER = "me.sahand.$(PRODUCT_NAME:rfc1034identifier)";
				PRODUCT_NAME = "$(TARGET_NAME)";
				TEST_HOST = "$(BUILT_PRODUCTS_DIR)/SwiftHub.app/SwiftHub";
			};
			name = Release;
		};
/* End XCBuildConfiguration section */

/* Begin XCConfigurationList section */
		D847D2BE1B8125E9003CBECE /* Build configuration list for PBXProject "SwiftHub" */ = {
			isa = XCConfigurationList;
			buildConfigurations = (
				D847D2E21B8125E9003CBECE /* Debug */,
				D847D2E31B8125E9003CBECE /* Release */,
			);
			defaultConfigurationIsVisible = 0;
			defaultConfigurationName = Release;
		};
		D847D2E41B8125E9003CBECE /* Build configuration list for PBXNativeTarget "SwiftHub" */ = {
			isa = XCConfigurationList;
			buildConfigurations = (
				D847D2E51B8125E9003CBECE /* Debug */,
				D847D2E61B8125E9003CBECE /* Release */,
			);
			defaultConfigurationIsVisible = 0;
			defaultConfigurationName = Release;
		};
		D847D2E71B8125E9003CBECE /* Build configuration list for PBXNativeTarget "SwiftHubTests" */ = {
			isa = XCConfigurationList;
			buildConfigurations = (
				D847D2E81B8125E9003CBECE /* Debug */,
				D847D2E91B8125E9003CBECE /* Release */,
			);
			defaultConfigurationIsVisible = 0;
			defaultConfigurationName = Release;
		};
/* End XCConfigurationList section */
	};
	rootObject = D847D2BB1B8125E9003CBECE /* Project object */;
}
